<Solution>
  <Project Path="src/DocumentEngine/DocumentEngine.csproj" />
  <Project Path="src/SemanticDetector/SemanticDetector.csproj" />
  <Project Path="src/LegalValidator/LegalValidator.csproj" />
  <Project Path="tests/DocumentEngine.Tests/DocumentEngine.Tests.csproj" />
  <Project Path="tests/SemanticDetector.Tests/SemanticDetector.Tests.csproj" />
  <Project Path="tests/LegalValidator.Tests/LegalValidator.Tests.csproj" />
</Solution>
